
Microsoft Visual Studio Solution File, Format Version 12.00
# Visual Studio Version 16
VisualStudioVersion = 16.0.30330.147
MinimumVisualStudioVersion = 10.0.40219.1
Project("{8BC9CEB8-8B4A-11D0-8D11-00A0C91BC942}") = "Multiply2", "Multiply2\Multiply2.vcxproj", "{334BDBFE-D530-412E-85AF-D82471E0CCC0}"
EndProject
Global
	GlobalSection(SolutionConfigurationPlatforms) = preSolution
		Debug|x64 = Debug|x64
		Debug|x86 = Debug|x86
		Release|x64 = Release|x64
		Release|x86 = Release|x86
	EndGlobalSection
	GlobalSection(ProjectConfigurationPlatforms) = postSolution
		{334BDBFE-D530-412E-85AF-D82471E0CCC0}.Debug|x64.ActiveCfg = Debug|x64
		{334BDBFE-D530-412E-85AF-D82471E0CCC0}.Debug|x64.Build.0 = Debug|x64
		{334BDBFE-D530-412E-85AF-D82471E0CCC0}.Debug|x86.ActiveCfg = Debug|Win32
		{334BDBFE-D530-412E-85AF-D82471E0CCC0}.Debug|x86.Build.0 = Debug|Win32
		{334BDBFE-D530-412E-85AF-D82471E0CCC0}.Release|x64.ActiveCfg = Release|x64
		{334BDBFE-D530-412E-85AF-D82471E0CCC0}.Release|x64.Build.0 = Release|x64
		{334BDBFE-D530-412E-85AF-D82471E0CCC0}.Release|x86.ActiveCfg = Release|Win32
		{334BDBFE-D530-412E-85AF-D82471E0CCC0}.Release|x86.Build.0 = Release|Win32
	EndGlobalSection
	GlobalSection(SolutionProperties) = preSolution
		HideSolutionNode = FALSE
	EndGlobalSection
	GlobalSection(ExtensibilityGlobals) = postSolution
		SolutionGuid = {834FC7BD-8529-445B-AB74-763D5F5F4775}
	EndGlobalSection
EndGlobal
